
Microsoft Visual Studio Solution File, Format Version 12.00
# Visual Studio Version 17
VisualStudioVersion = 17.9.34701.34
MinimumVisualStudioVersion = 10.0.40219.1
Project("{FAE04EC0-301F-11D3-BF4B-00C04F79EFBC}") = "WinFormsApp1", "WinFormsApp1.csproj", "{92021735-6484-4E1F-9BCB-746D30769B51}"
EndProject
Global
	GlobalSection(SolutionConfigurationPlatforms) = preSolution
		Debug|Any CPU = Debug|Any CPU
		Release|Any CPU = Release|Any CPU
	EndGlobalSection
	GlobalSection(ProjectConfigurationPlatforms) = postSolution
		{92021735-6484-4E1F-9BCB-746D30769B51}.Debug|Any CPU.ActiveCfg = Debug|Any CPU
		{92021735-6484-4E1F-9BCB-746D30769B51}.Debug|Any CPU.Build.0 = Debug|Any CPU
		{92021735-6484-4E1F-9BCB-746D30769B51}.Release|Any CPU.ActiveCfg = Release|Any CPU
		{92021735-6484-4E1F-9BCB-746D30769B51}.Release|Any CPU.Build.0 = Release|Any CPU
	EndGlobalSection
	GlobalSection(SolutionProperties) = preSolution
		HideSolutionNode = FALSE
	EndGlobalSection
	GlobalSection(ExtensibilityGlobals) = postSolution
		SolutionGuid = {D1B06841-66C9-4C53-A305-A08D1CDF666C}
	EndGlobalSection
EndGlobal
